github.com/aead/chacha20 v0.0.0-20180709150244-8b13a72661da h1:KjTM2ks9d14ZYCvmHS9iAKVt9AyzRSqNU1qabPih5BY=
github.com/aead/chacha20 v0.0.0-20180709150244-8b13a72661da/go.mod h1:eHEWzANqSiWQsof+nXEI9bUVUyV6F53Fp89EuCh2EAA=
github.com/brsuite/brond v0.0.0-20220715080107-47d2480426e6 h1:fI2a1T9DojXkeKbCMXRU8HM1gOTwIF2j71Syo0SogHI=
github.com/brsuite/brond v0.0.0-20220715080107-47d2480426e6/go.mod h1:fJ9JVxoiw9K8swRot47nNVb/wHOo7pG8bBCN35ZJN1A=
github.com/brsuite/brond/btcec v0.0.0-20220715080107-47d2480426e6 h1:ZcN1oVwEogHMbHaommoU1sR03bSo9b2wDk6gQ+IMznU=
github.com/brsuite/brond/btcec v0.0.0-20220715080107-47d2480426e6/go.mod h1:1BJl5gB94W5NmfYOZfGDAdfYKAHeGw97sDMJa0pYRrs=
github.com/brsuite/bronutil v0.0.0-20220711115931-9f939268c1af h1:EvCNePSYKrunGM+PWo3/ZbFD9dyKdY+JTzDFyLMmRBI=
github.com/brsuite/bronutil v0.0.0-20220711115931-9f939268c1af/go.mod h1:ZmaHMSJ5fiTlfb7Mciac4wCLK7zzt1etCjOHuiVJCdM=
github.com/btcsuite/btclog v0.0.0-20170628155309-84c8d2346e9f h1:bAs4lUbRJpnnkd9VhRV3jjAVU7DJVjMaK+IsvSeZvFo=
github.com/btcsuite/btclog v0.0.0-20170628155309-84c8d2346e9f/go.mod h1:TdznJufoqS23FtqVCzL0ZqgP5MqXbb4fg/WgDys70nA=
github.com/davecgh/go-spew v1.1.1 h1:vj9j/u1bqnvCEfJOwUhtlOARqs3+rkHYY13jYWTU97c=
github.com/davecgh/go-spew v1.1.1/go.mod h1:J7Y8YcW2NihsgmVo/mv3lAwl/skON4iLHjSsI+c5H38=
github.com/decred/dcrd/crypto/blake256 v1.0.0/go.mod h1:sQl2p6Y26YV+ZOcSTP6thNdn47hh8kt6rqSlvmrXFAc=
github.com/decred/dcrd/dcrec/secp256k1/v4 v4.0.1 h1:YLtO71vCjJRCBcrPMtQ9nqBsqpA1m5sE92cU+pd5Mcc=
github.com/decred/dcrd/dcrec/secp256k1/v4 v4.0.1/go.mod h1:hyedUtir6IdtD/7lIxGeCxkaw7y45JueMRL4DIyJDKs=
golang.org/x/crypto v0.0.0-20220622213112-05595931fe9d h1:sK3txAijHtOK88l68nt020reeT1ZdKLIYetKl95FzVY=
golang.org/x/crypto v0.0.0-20220622213112-05595931fe9d/go.mod h1:IxCIyHEi3zRg3s0A5j5BB6A9Jmi73HwBIUl50j+osU4=
golang.org/x/sys v0.0.0-20210615035016-665e8c7367d1 h1:SrN+KX8Art/Sf4HNj6Zcz06G7VEz+7w9tdXTPOZ7+l4=
golang.org/x/sys v0.0.0-20210615035016-665e8c7367d1/go.mod h1:oPkhp1MJrh7nUepCBck5+mAzfO9JrbApNNgaTdGDITg=
